
Microsoft Visual Studio Solution File, Format Version 12.00
# Visual Studio Version 17
VisualStudioVersion = 17.9.34607.119
MinimumVisualStudioVersion = 10.0.40219.1
Project("{FAE04EC0-301F-11D3-BF4B-00C04F79EFBC}") = "Finalprj", "Finalprj\Finalprj.csproj", "{BAF8832A-2B13-413B-8412-D0AFCF90C7E8}"
EndProject
Global
	GlobalSection(SolutionConfigurationPlatforms) = preSolution
		Debug|Any CPU = Debug|Any CPU
		Release|Any CPU = Release|Any CPU
	EndGlobalSection
	GlobalSection(ProjectConfigurationPlatforms) = postSolution
		{BAF8832A-2B13-413B-8412-D0AFCF90C7E8}.Debug|Any CPU.ActiveCfg = Debug|Any CPU
		{BAF8832A-2B13-413B-8412-D0AFCF90C7E8}.Debug|Any CPU.Build.0 = Debug|Any CPU
		{BAF8832A-2B13-413B-8412-D0AFCF90C7E8}.Release|Any CPU.ActiveCfg = Release|Any CPU
		{BAF8832A-2B13-413B-8412-D0AFCF90C7E8}.Release|Any CPU.Build.0 = Release|Any CPU
	EndGlobalSection
	GlobalSection(SolutionProperties) = preSolution
		HideSolutionNode = FALSE
	EndGlobalSection
	GlobalSection(ExtensibilityGlobals) = postSolution
		SolutionGuid = {627F755D-DD6D-4474-A0FB-4E7A75F08980}
	EndGlobalSection
EndGlobal
